
Microsoft Visual Studio Solution File, Format Version 12.00
# Visual Studio Version 17
VisualStudioVersion = 17.1.32421.90
MinimumVisualStudioVersion = 10.0.40219.1
Project("{9A19103F-16F7-4668-BE54-9A1E7A4F7556}") = "Eldorado.TeamManager.Web", "src\Eldorado.TeamManager.Web\Eldorado.TeamManager.Web.csproj", "{8E544499-0167-4607-AE0D-18510A630758}"
EndProject
Project("{2150E333-8FDC-42A3-9474-1A3956D46DE8}") = "Business", "Business", "{9649C4D4-622E-4EF4-B10F-B28E267AB960}"
EndProject
Project("{2150E333-8FDC-42A3-9474-1A3956D46DE8}") = "Infrastructure", "Infrastructure", "{093CD2F6-89B6-4ABA-B0DB-DD69A3DFA49F}"
EndProject
Project("{2150E333-8FDC-42A3-9474-1A3956D46DE8}") = "Interface", "Interface", "{9A02CA42-B766-4DCE-A228-DC0EF4B93E89}"
EndProject
Project("{9A19103F-16F7-4668-BE54-9A1E7A4F7556}") = "Eldorado.TeamManager.Domain", "src\Eldorado.TeamManager.Domain\Eldorado.TeamManager.Domain.csproj", "{057C7518-7C07-4EF5-871B-7AF4973FB95F}"
EndProject
Project("{9A19103F-16F7-4668-BE54-9A1E7A4F7556}") = "Eldorado.TeamManager.Application", "src\Eldorado.TeamManager.Application\Eldorado.TeamManager.Application.csproj", "{14B1694E-3CB2-4488-828F-72B7CF053C24}"
EndProject
Project("{FAE04EC0-301F-11D3-BF4B-00C04F79EFBC}") = "Eldorado.TeamManager.DataAccess", "src\Eldorado.TeamManager.DataAccess\Eldorado.TeamManager.DataAccess.csproj", "{41561DA1-E6C7-4FAE-ADC1-6DF758DE7B1C}"
EndProject
Global
	GlobalSection(SolutionConfigurationPlatforms) = preSolution
		Debug|Any CPU = Debug|Any CPU
		Release|Any CPU = Release|Any CPU
	EndGlobalSection
	GlobalSection(ProjectConfigurationPlatforms) = postSolution
		{8E544499-0167-4607-AE0D-18510A630758}.Debug|Any CPU.ActiveCfg = Debug|Any CPU
		{8E544499-0167-4607-AE0D-18510A630758}.Debug|Any CPU.Build.0 = Debug|Any CPU
		{8E544499-0167-4607-AE0D-18510A630758}.Release|Any CPU.ActiveCfg = Release|Any CPU
		{8E544499-0167-4607-AE0D-18510A630758}.Release|Any CPU.Build.0 = Release|Any CPU
		{057C7518-7C07-4EF5-871B-7AF4973FB95F}.Debug|Any CPU.ActiveCfg = Debug|Any CPU
		{057C7518-7C07-4EF5-871B-7AF4973FB95F}.Debug|Any CPU.Build.0 = Debug|Any CPU
		{057C7518-7C07-4EF5-871B-7AF4973FB95F}.Release|Any CPU.ActiveCfg = Release|Any CPU
		{057C7518-7C07-4EF5-871B-7AF4973FB95F}.Release|Any CPU.Build.0 = Release|Any CPU
		{14B1694E-3CB2-4488-828F-72B7CF053C24}.Debug|Any CPU.ActiveCfg = Debug|Any CPU
		{14B1694E-3CB2-4488-828F-72B7CF053C24}.Debug|Any CPU.Build.0 = Debug|Any CPU
		{14B1694E-3CB2-4488-828F-72B7CF053C24}.Release|Any CPU.ActiveCfg = Release|Any CPU
		{14B1694E-3CB2-4488-828F-72B7CF053C24}.Release|Any CPU.Build.0 = Release|Any CPU
		{41561DA1-E6C7-4FAE-ADC1-6DF758DE7B1C}.Debug|Any CPU.ActiveCfg = Debug|Any CPU
		{41561DA1-E6C7-4FAE-ADC1-6DF758DE7B1C}.Debug|Any CPU.Build.0 = Debug|Any CPU
		{41561DA1-E6C7-4FAE-ADC1-6DF758DE7B1C}.Release|Any CPU.ActiveCfg = Release|Any CPU
		{41561DA1-E6C7-4FAE-ADC1-6DF758DE7B1C}.Release|Any CPU.Build.0 = Release|Any CPU
	EndGlobalSection
	GlobalSection(SolutionProperties) = preSolution
		HideSolutionNode = FALSE
	EndGlobalSection
	GlobalSection(NestedProjects) = preSolution
		{8E544499-0167-4607-AE0D-18510A630758} = {9A02CA42-B766-4DCE-A228-DC0EF4B93E89}
		{057C7518-7C07-4EF5-871B-7AF4973FB95F} = {9649C4D4-622E-4EF4-B10F-B28E267AB960}
		{14B1694E-3CB2-4488-828F-72B7CF053C24} = {9649C4D4-622E-4EF4-B10F-B28E267AB960}
		{41561DA1-E6C7-4FAE-ADC1-6DF758DE7B1C} = {093CD2F6-89B6-4ABA-B0DB-DD69A3DFA49F}
	EndGlobalSection
	GlobalSection(ExtensibilityGlobals) = postSolution
		SolutionGuid = {2D6D0E46-C9A3-4E09-BC8A-D017D2A1197C}
	EndGlobalSection
EndGlobal
